Microsoft Visual Studio Solution File, Format Version 11.00
# Visual Studio 2008

Project("{43A3EC3A-BD35-B73A-07EC-8F84207688E7}") = "Trailblazer", "Assembly-CSharp.csproj", "{B056822B-E608-9481-2F1D-59AD48AA1DEC}"
EndProject
Global
	GlobalSection(SolutionConfigurationPlatforms) = preSolution
		Debug|Any CPU = Debug|Any CPU
		Release|Any CPU = Release|Any CPU
	EndGlobalSection
	GlobalSection(ProjectConfigurationPlatforms) = postSolution
		{B056822B-E608-9481-2F1D-59AD48AA1DEC}.Debug|Any CPU.ActiveCfg = Debug|Any CPU
		{B056822B-E608-9481-2F1D-59AD48AA1DEC}.Debug|Any CPU.Build.0 = Debug|Any CPU
		{B056822B-E608-9481-2F1D-59AD48AA1DEC}.Release|Any CPU.ActiveCfg = Release|Any CPU
		{B056822B-E608-9481-2F1D-59AD48AA1DEC}.Release|Any CPU.Build.0 = Release|Any CPU
	EndGlobalSection
	GlobalSection(SolutionProperties) = preSolution
		HideSolutionNode = FALSE
	EndGlobalSection
	GlobalSection(MonoDevelopProperties) = preSolution
		StartupItem = Assembly-CSharp.csproj
	EndGlobalSection
EndGlobal
